
Microsoft Visual Studio Solution File, Format Version 12.00
# Visual Studio 15
Project("{FAE04EC0-301F-11D3-BF4B-00C04F79EFBC}") = "Assembly-CSharp", "Assembly-CSharp.csproj", "{7F502421-2D7F-986B-5CDC-583CC4E1738C}"
EndProject
Project("{FAE04EC0-301F-11D3-BF4B-00C04F79EFBC}") = "ScriptInspector", "ScriptInspector.csproj", "{89C0AD68-D268-1246-3DF7-DBEE7CB7A7F1}"
EndProject
Global
	GlobalSection(SolutionConfigurationPlatforms) = preSolution
		Debug|Any CPU = Debug|Any CPU
		Release|Any CPU = Release|Any CPU
	EndGlobalSection
	GlobalSection(ProjectConfigurationPlatforms) = postSolution
		{7F502421-2D7F-986B-5CDC-583CC4E1738C}.Debug|Any CPU.ActiveCfg = Debug|Any CPU
		{7F502421-2D7F-986B-5CDC-583CC4E1738C}.Debug|Any CPU.Build.0 = Debug|Any CPU
		{7F502421-2D7F-986B-5CDC-583CC4E1738C}.Release|Any CPU.ActiveCfg = Release|Any CPU
		{7F502421-2D7F-986B-5CDC-583CC4E1738C}.Release|Any CPU.Build.0 = Release|Any CPU
		{89C0AD68-D268-1246-3DF7-DBEE7CB7A7F1}.Debug|Any CPU.ActiveCfg = Debug|Any CPU
		{89C0AD68-D268-1246-3DF7-DBEE7CB7A7F1}.Debug|Any CPU.Build.0 = Debug|Any CPU
		{89C0AD68-D268-1246-3DF7-DBEE7CB7A7F1}.Release|Any CPU.ActiveCfg = Release|Any CPU
		{89C0AD68-D268-1246-3DF7-DBEE7CB7A7F1}.Release|Any CPU.Build.0 = Release|Any CPU
	EndGlobalSection
	GlobalSection(SolutionProperties) = preSolution
		HideSolutionNode = FALSE
	EndGlobalSection
EndGlobal
